
Microsoft Visual Studio Solution File, Format Version 12.00
# Visual Studio Version 17
VisualStudioVersion = 17.3.32929.385
MinimumVisualStudioVersion = 10.0.40219.1
Project("{FAE04EC0-301F-11D3-BF4B-00C04F79EFBC}") = "lacuna-genetics", "lacuna-genetics\lacuna-genetics.csproj", "{B49FF310-46D7-4803-931D-7708346D316D}"
EndProject
Global
	GlobalSection(SolutionConfigurationPlatforms) = preSolution
		Debug|Any CPU = Debug|Any CPU
		Release|Any CPU = Release|Any CPU
	EndGlobalSection
	GlobalSection(ProjectConfigurationPlatforms) = postSolution
		{B49FF310-46D7-4803-931D-7708346D316D}.Debug|Any CPU.ActiveCfg = Debug|Any CPU
		{B49FF310-46D7-4803-931D-7708346D316D}.Debug|Any CPU.Build.0 = Debug|Any CPU
		{B49FF310-46D7-4803-931D-7708346D316D}.Release|Any CPU.ActiveCfg = Release|Any CPU
		{B49FF310-46D7-4803-931D-7708346D316D}.Release|Any CPU.Build.0 = Release|Any CPU
	EndGlobalSection
	GlobalSection(SolutionProperties) = preSolution
		HideSolutionNode = FALSE
	EndGlobalSection
	GlobalSection(ExtensibilityGlobals) = postSolution
		SolutionGuid = {DB5877D7-465E-454E-935E-24A4A8209B17}
	EndGlobalSection
EndGlobal
